
Microsoft Visual Studio Solution File, Format Version 12.00
# Visual Studio 2013
VisualStudioVersion = 12.0.21005.1
MinimumVisualStudioVersion = 10.0.40219.1
Project("{E24C65DC-7377-472B-9ABA-BC803B73C61A}") = "HMSWebservicewithStandardFormat", "http://localhost:4333", "{C22C173C-B422-478D-94F8-6BB270A4D8CB}"
	ProjectSection(WebsiteProperties) = preProject
		UseIISExpress = "true"
		TargetFrameworkMoniker = ".NETFramework,Version%3Dv4.5"
		Debug.AspNetCompiler.VirtualPath = "/localhost_4333"
		Debug.AspNetCompiler.PhysicalPath = "..\HMSWebservicewithStandardFormat\"
		Debug.AspNetCompiler.TargetPath = "PrecompiledWeb\localhost_4333\"
		Debug.AspNetCompiler.Updateable = "true"
		Debug.AspNetCompiler.ForceOverwrite = "true"
		Debug.AspNetCompiler.FixedNames = "false"
		Debug.AspNetCompiler.Debug = "True"
		Release.AspNetCompiler.VirtualPath = "/localhost_4333"
		Release.AspNetCompiler.PhysicalPath = "..\HMSWebservicewithStandardFormat\"
		Release.AspNetCompiler.TargetPath = "PrecompiledWeb\localhost_4333\"
		Release.AspNetCompiler.Updateable = "true"
		Release.AspNetCompiler.ForceOverwrite = "true"
		Release.AspNetCompiler.FixedNames = "false"
		Release.AspNetCompiler.Debug = "False"
		SlnRelativePath = "..\HMSWebservicewithStandardFormat\"
		DefaultWebSiteLanguage = "Visual C#"
	EndProjectSection
EndProject
Global
	GlobalSection(SolutionConfigurationPlatforms) = preSolution
		Debug|Any CPU = Debug|Any CPU
	EndGlobalSection
	GlobalSection(ProjectConfigurationPlatforms) = postSolution
		{C22C173C-B422-478D-94F8-6BB270A4D8CB}.Debug|Any CPU.ActiveCfg = Debug|Any CPU
		{C22C173C-B422-478D-94F8-6BB270A4D8CB}.Debug|Any CPU.Build.0 = Debug|Any CPU
	EndGlobalSection
	GlobalSection(SolutionProperties) = preSolution
		HideSolutionNode = FALSE
	EndGlobalSection
EndGlobal
